
Microsoft Visual Studio Solution File, Format Version 11.00
# Visual Studio 2010
Project("{FAE04EC0-301F-11D3-BF4B-00C04F79EFBC}") = "ACU_Campus_VR", "Assembly-CSharp.csproj", "{0F7D2F66-AA88-BF2F-C7AB-E6AC783F6589}"
EndProject
Project("{FAE04EC0-301F-11D3-BF4B-00C04F79EFBC}") = "ACU_Campus_VR", "Assembly-CSharp-Editor.csproj", "{B594637D-9356-5B35-4653-1B012D7B5226}"
EndProject
Global
	GlobalSection(SolutionConfigurationPlatforms) = preSolution
		Debug|Any CPU = Debug|Any CPU
		Release|Any CPU = Release|Any CPU
	EndGlobalSection
	GlobalSection(ProjectConfigurationPlatforms) = postSolution
		{0F7D2F66-AA88-BF2F-C7AB-E6AC783F6589}.Debug|Any CPU.ActiveCfg = Debug|Any CPU
		{0F7D2F66-AA88-BF2F-C7AB-E6AC783F6589}.Debug|Any CPU.Build.0 = Debug|Any CPU
		{0F7D2F66-AA88-BF2F-C7AB-E6AC783F6589}.Release|Any CPU.ActiveCfg = Release|Any CPU
		{0F7D2F66-AA88-BF2F-C7AB-E6AC783F6589}.Release|Any CPU.Build.0 = Release|Any CPU
		{B594637D-9356-5B35-4653-1B012D7B5226}.Debug|Any CPU.ActiveCfg = Debug|Any CPU
		{B594637D-9356-5B35-4653-1B012D7B5226}.Debug|Any CPU.Build.0 = Debug|Any CPU
		{B594637D-9356-5B35-4653-1B012D7B5226}.Release|Any CPU.ActiveCfg = Release|Any CPU
		{B594637D-9356-5B35-4653-1B012D7B5226}.Release|Any CPU.Build.0 = Release|Any CPU
	EndGlobalSection
	GlobalSection(SolutionProperties) = preSolution
		HideSolutionNode = FALSE
	EndGlobalSection
	GlobalSection(MonoDevelopProperties) = preSolution
		StartupItem = Assembly-CSharp.csproj
	EndGlobalSection
EndGlobal
